{
    "_readme": [
        "This file locks the dependencies of your project to a known state",
        "Read more about it at https://getcomposer.org/doc/01-basic-usage.md#composer-lock-the-lock-file",
        "This file is @generated automatically"
    ],
    "hash": "7f0056dfd14b2dc698da6244dac74339",
    "content-hash": "917a1e73374a7f7b84de60308deb65e3",
    "packages": [
        {
            "name": "league/plates",
            "version": "3.3.0",
            "source": {
                "type": "git",
                "url": "https://github.com/thephpleague/plates.git",
                "reference": "b1684b6f127714497a0ef927ce42c0b44b45a8af"
            },
            "dist": {
                "type": "zip",
                "url": "https://api.github.com/repos/thephpleague/plates/zipball/b1684b6f127714497a0ef927ce42c0b44b45a8af",
                "reference": "b1684b6f127714497a0ef927ce42c0b44b45a8af",
                "shasum": ""
            },
            "require": {
                "php": "^5.3 | ^7.0"
            },
            "require-dev": {
                "mikey179/vfsstream": "^1.4",
                "phpunit/phpunit": "~4.0",
                "squizlabs/php_codesniffer": "~1.5"
            },
            "type": "library",
            "extra": {
                "branch-alias": {
                    "dev-master": "3.0-dev"
                }
            },
            "autoload": {
                "psr-4": {
                    "League\\Plates\\": "src"
                }
            },
            "notification-url": "https://packagist.org/downloads/",
            "license": [
                "MIT"
            ],
            "authors": [
                {
                    "name": "Jonathan Reinink",
                    "email": "jonathan@reinink.ca",
                    "role": "Developer"
                }
            ],
            "description": "Plates, the native PHP template system that's fast, easy to use and easy to extend.",
            "homepage": "http://platesphp.com",
            "keywords": [
                "league",
                "package",
                "templates",
                "templating",
                "views"
            ],
            "time": "2016-12-28 00:14:17"
        },
        {
            "name": "mexitek/phpcolors",
            "version": "v0.4",
            "source": {
                "type": "git",
                "url": "https://github.com/mexitek/phpColors.git",
                "reference": "89bf30473a68dc8845e46e9db3e536b969e18c11"
            },
            "dist": {
                "type": "zip",
                "url": "https://api.github.com/repos/mexitek/phpColors/zipball/89bf30473a68dc8845e46e9db3e536b969e18c11",
                "reference": "89bf30473a68dc8845e46e9db3e536b969e18c11",
                "shasum": ""
            },
            "require": {
                "php": ">=5.3.0"
            },
            "type": "library",
            "autoload": {
                "classmap": [
                    "src"
                ]
            },
            "notification-url": "https://packagist.org/downloads/",
            "license": [
                "MIT"
            ],
            "authors": [
                {
                    "name": "Arlo Carreon",
                    "homepage": "http://arlocarreon.com",
                    "role": "creator"
                }
            ],
            "description": "A series of methods that let you manipulate colors. Just incase you ever need different shades of one color on the fly.",
            "homepage": "http://mexitek.github.com/phpColors/",
            "keywords": [
                "color",
                "css",
                "design",
                "frontend",
                "ui"
            ],
            "time": "2015-09-09 15:43:06"
        },
        {
            "name": "proteusthemes/proteuswidgets",
            "version": "v3.7.2",
            "source": {
                "type": "git",
                "url": "https://github.com/proteusthemes/ProteusWidgets.git",
                "reference": "dd5184acb38d03920a58c115a3f879d0a8509415"
            },
            "dist": {
                "type": "zip",
                "url": "https://api.github.com/repos/proteusthemes/ProteusWidgets/zipball/dd5184acb38d03920a58c115a3f879d0a8509415",
                "reference": "dd5184acb38d03920a58c115a3f879d0a8509415",
                "shasum": ""
            },
            "require": {
                "league/plates": "^3.1.1"
            },
            "type": "library",
            "autoload": {
                "classmap": [
                    "widgets/",
                    "inc/",
                    "proteuswidgets.php"
                ]
            },
            "notification-url": "https://packagist.org/downloads/",
            "license": [
                "GPL-2.0+"
            ],
            "description": "WordPress widgets used in ProtuesThemes.",
            "time": "2016-10-17 05:32:16"
        },
        {
            "name": "proteusthemes/visual-composer-elements",
            "version": "v0.4.2",
            "source": {
                "type": "git",
                "url": "https://github.com/proteusthemes/visual-composer-elements.git",
                "reference": "52c858d6e135f6694fa01b1967d944040dac348c"
            },
            "dist": {
                "type": "zip",
                "url": "https://api.github.com/repos/proteusthemes/visual-composer-elements/zipball/52c858d6e135f6694fa01b1967d944040dac348c",
                "reference": "52c858d6e135f6694fa01b1967d944040dac348c",
                "shasum": ""
            },
            "type": "library",
            "license": [
                "GPLv2"
            ],
            "authors": [
                {
                    "name": "Gregor Capuder",
                    "email": "gregor.capuder@proteusnet.com"
                }
            ],
            "description": "Composer package with Visual Composer elements mapped to widgets from ProteusWidgets composer package",
            "support": {
                "source": "https://github.com/proteusthemes/visual-composer-elements/tree/v0.4.2",
                "issues": "https://github.com/proteusthemes/visual-composer-elements/issues"
            },
            "time": "2016-03-07 10:21:26"
        },
        {
            "name": "proteusthemes/wai-aria-walker-nav-menu",
            "version": "v1.2.1",
            "source": {
                "type": "git",
                "url": "https://github.com/proteusthemes/WAI-ARIA-Walker_Nav_Menu.git",
                "reference": "094b11d8e77143e29f337d128f892f15bab3ef92"
            },
            "dist": {
                "type": "zip",
                "url": "https://api.github.com/repos/proteusthemes/WAI-ARIA-Walker_Nav_Menu/zipball/094b11d8e77143e29f337d128f892f15bab3ef92",
                "reference": "094b11d8e77143e29f337d128f892f15bab3ef92",
                "shasum": ""
            },
            "type": "library",
            "autoload": {
                "classmap": [
                    "aria-walker-nav-menu.php"
                ]
            },
            "notification-url": "https://packagist.org/downloads/",
            "license": [
                "GPLv2"
            ],
            "authors": [
                {
                    "name": "Primoz Cigler",
                    "email": "primoz@proteusnet.com"
                },
                {
                    "name": "Marko Prelec",
                    "email": "marko.prelec@proteusnet.com"
                }
            ],
            "description": "WordPress menu walker which adds appropriate WIA-ARIA roles to dropdown menus.",
            "time": "2016-05-18 18:48:49"
        },
        {
            "name": "proteusthemes/wp-customizer-utilities",
            "version": "v2.3.0",
            "source": {
                "type": "git",
                "url": "https://github.com/proteusthemes/wp-customizer-utilities.git",
                "reference": "5c2935e142ed0d30695eab2a78436974f391f4a1"
            },
            "dist": {
                "type": "zip",
                "url": "https://api.github.com/repos/proteusthemes/wp-customizer-utilities/zipball/5c2935e142ed0d30695eab2a78436974f391f4a1",
                "reference": "5c2935e142ed0d30695eab2a78436974f391f4a1",
                "shasum": ""
            },
            "require": {
                "mexitek/phpcolors": "^0.4.0"
            },
            "type": "library",
            "autoload": {
                "psr-4": {
                    "ProteusThemes\\CustomizerUtils\\": "src/"
                }
            },
            "notification-url": "https://packagist.org/downloads/",
            "license": [
                "GPL-2.0+"
            ],
            "authors": [
                {
                    "name": "Primoz Cigler",
                    "email": "primoz@proteusnet.com"
                },
                {
                    "name": "Gregor Capuder",
                    "email": "gregor.capuder@proteusnet.com"
                }
            ],
            "description": "Advanced WordPress customizer controls and settings for better user experience.",
            "keywords": [
                "control",
                "customizer",
                "proteusthemes",
                "theme",
                "wordpress",
                "wp"
            ],
            "time": "2016-07-08 10:11:23"
        },
        {
            "name": "tgmpa/tgm-plugin-activation",
            "version": "2.5.2",
            "source": {
                "type": "git",
                "url": "https://github.com/TGMPA/TGM-Plugin-Activation.git",
                "reference": "ba41c10e821a10d3d6c3b8e468a16716bb03f125"
            },
            "dist": {
                "type": "zip",
                "url": "https://api.github.com/repos/TGMPA/TGM-Plugin-Activation/zipball/ba41c10e821a10d3d6c3b8e468a16716bb03f125",
                "reference": "ba41c10e821a10d3d6c3b8e468a16716bb03f125",
                "shasum": ""
            },
            "require": {
                "php": ">=5.2"
            },
            "type": "library",
            "autoload": {
                "files": [
                    "class-tgm-plugin-activation.php"
                ]
            },
            "notification-url": "https://packagist.org/downloads/",
            "license": [
                "GPL-2.0+"
            ],
            "authors": [
                {
                    "name": "Thomas Griffin",
                    "homepage": "http://thomasgriffinmedia.com",
                    "role": "Developer"
                },
                {
                    "name": "Gary Jones",
                    "homepage": "https://github.com/GaryJones",
                    "role": "Developer"
                },
                {
                    "name": "Juliette Reinders Folmer",
                    "homepage": "https://github.com/jrfnl",
                    "role": "Developer"
                }
            ],
            "description": "TGM Plugin Activation is a PHP library that allows you to easily require or recommend plugins for your WordPress themes (and plugins).",
            "homepage": "http://tgmpluginactivation.com",
            "keywords": [
                "activation",
                "library",
                "plugins",
                "theme",
                "wordpress"
            ],
            "time": "2015-07-16 08:59:11"
        }
    ],
    "packages-dev": [],
    "aliases": [],
    "minimum-stability": "stable",
    "stability-flags": [],
    "prefer-stable": false,
    "prefer-lowest": false,
    "platform": [],
    "platform-dev": []
}
